{
  "name": "mediapaser",
  "version": "1.0.0",
  "lockfileVersion": 2,
  "requires": true,
  "packages": {
    "": {
      "name": "mediapaser",
      "version": "1.0.0",
      "license": "ISC",
      "dependencies": {
        "mp4box": "^0.4.9"
      }
    },
    "node_modules/mp4box": {
      "version": "0.4.9",
      "resolved": "https://registry.npmjs.org/mp4box/-/mp4box-0.4.9.tgz",
      "integrity": "sha512-APZb4ZaCBBXdyxA9nXF5lVb/xc2OPRWbnxwlHOn7tXxiBVchpLUl+nZMF52MLLv0oESnZBSy5qnDj9sRE9LCoQ=="
    }
  },
  "dependencies": {
    "mp4box": {
      "version": "0.4.9",
      "resolved": "https://registry.npmjs.org/mp4box/-/mp4box-0.4.9.tgz",
      "integrity": "sha512-APZb4ZaCBBXdyxA9nXF5lVb/xc2OPRWbnxwlHOn7tXxiBVchpLUl+nZMF52MLLv0oESnZBSy5qnDj9sRE9LCoQ=="
    }
  }
}
